
Microsoft Visual Studio Solution File, Format Version 12.00
# Visual Studio Version 16
VisualStudioVersion = 16.0.29306.81
MinimumVisualStudioVersion = 10.0.40219.1
Project("{8BC9CEB8-8B4A-11D0-8D11-00A0C91BC942}") = "Render_To_Texture", "Render_To_Texture\Render_To_Texture.vcxproj", "{5EA30FDC-354A-4BEC-BF51-720D340DBD6B}"
EndProject
Global
	GlobalSection(SolutionConfigurationPlatforms) = preSolution
		Debug|x64 = Debug|x64
		Debug|x86 = Debug|x86
		Release|x64 = Release|x64
		Release|x86 = Release|x86
	EndGlobalSection
	GlobalSection(ProjectConfigurationPlatforms) = postSolution
		{5EA30FDC-354A-4BEC-BF51-720D340DBD6B}.Debug|x64.ActiveCfg = Debug|x64
		{5EA30FDC-354A-4BEC-BF51-720D340DBD6B}.Debug|x64.Build.0 = Debug|x64
		{5EA30FDC-354A-4BEC-BF51-720D340DBD6B}.Debug|x86.ActiveCfg = Debug|Win32
		{5EA30FDC-354A-4BEC-BF51-720D340DBD6B}.Debug|x86.Build.0 = Debug|Win32
		{5EA30FDC-354A-4BEC-BF51-720D340DBD6B}.Release|x64.ActiveCfg = Release|x64
		{5EA30FDC-354A-4BEC-BF51-720D340DBD6B}.Release|x64.Build.0 = Release|x64
		{5EA30FDC-354A-4BEC-BF51-720D340DBD6B}.Release|x86.ActiveCfg = Release|Win32
		{5EA30FDC-354A-4BEC-BF51-720D340DBD6B}.Release|x86.Build.0 = Release|Win32
	EndGlobalSection
	GlobalSection(SolutionProperties) = preSolution
		HideSolutionNode = FALSE
	EndGlobalSection
	GlobalSection(ExtensibilityGlobals) = postSolution
		SolutionGuid = {B950315D-5AF6-4834-ABEC-263EE05A0284}
	EndGlobalSection
EndGlobal
